// !$*UTF8*$!
{
	archiveVersion = 1;
	classes = {
	};
	objectVersion = 55;
	objects = {

/* Begin PBXBuildFile section */
		5C59749C28CC429D00CFA4D5 /* AppDelegate.swift in Sources */ = {isa = PBXBuildFile; fileRef = 5C59749B28CC429D00CFA4D5 /* AppDelegate.swift */; };
		5C59749E28CC429D00CFA4D5 /* SceneDelegate.swift in Sources */ = {isa = PBXBuildFile; fileRef = 5C59749D28CC429D00CFA4D5 /* SceneDelegate.swift */; };
		5C5974A028CC429D00CFA4D5 /* ViewController.swift in Sources */ = {isa = PBXBuildFile; fileRef = 5C59749F28CC429D00CFA4D5 /* ViewController.swift */; };
		5C5974A328CC429D00CFA4D5 /* Main.storyboard in Resources */ = {isa = PBXBuildFile; fileRef = 5C5974A128CC429D00CFA4D5 /* Main.storyboard */; };
		5C5974A628CC429D00CFA4D5 /* iOS_App.xcdatamodeld in Sources */ = {isa = PBXBuildFile; fileRef = 5C5974A428CC429D00CFA4D5 /* iOS_App.xcdatamodeld */; };
		5C5974A828CC429F00CFA4D5 /* Assets.xcassets in Resources */ = {isa = PBXBuildFile; fileRef = 5C5974A728CC429F00CFA4D5 /* Assets.xcassets */; };
		5C5974AB28CC429F00CFA4D5 /* LaunchScreen.storyboard in Resources */ = {isa = PBXBuildFile; fileRef = 5C5974A928CC429F00CFA4D5 /* LaunchScreen.storyboard */; };
		5C5974B628CC429F00CFA4D5 /* iOS_AppTests.swift in Sources */ = {isa = PBXBuildFile; fileRef = 5C5974B528CC429F00CFA4D5 /* iOS_AppTests.swift */; };
		5C5974C028CC429F00CFA4D5 /* iOS_AppUITests.swift in Sources */ = {isa = PBXBuildFile; fileRef = 5C5974BF28CC429F00CFA4D5 /* iOS_AppUITests.swift */; };
		5C5974C228CC429F00CFA4D5 /* iOS_AppUITestsLaunchTests.swift in Sources */ = {isa = PBXBuildFile; fileRef = 5C5974C128CC429F00CFA4D5 /* iOS_AppUITestsLaunchTests.swift */; };
		5C5974F428CDB2B400CFA4D5 /* ios_framework.framework in Frameworks */ = {isa = PBXBuildFile; fileRef = 5C5974F028CDB25500CFA4D5 /* ios_framework.framework */; };
		5C5974F528CDB2B400CFA4D5 /* ios_framework.framework in Embed Frameworks */ = {isa = PBXBuildFile; fileRef = 5C5974F028CDB25500CFA4D5 /* ios_framework.framework */; settings = {ATTRIBUTES = (CodeSignOnCopy, RemoveHeadersOnCopy, ); }; };
/* End PBXBuildFile section */

/* Begin PBXContainerItemProxy section */
		5C5974B228CC429F00CFA4D5 /* PBXContainerItemProxy */ = {
			isa = PBXContainerItemProxy;
			containerPortal = 5C59749028CC429D00CFA4D5 /* Project object */;
			proxyType = 1;
			remoteGlobalIDString = 5C59749728CC429D00CFA4D5;
			remoteInfo = "iOS App";
		};
		5C5974BC28CC429F00CFA4D5 /* PBXContainerItemProxy */ = {
			isa = PBXContainerItemProxy;
			containerPortal = 5C59749028CC429D00CFA4D5 /* Project object */;
			proxyType = 1;
			remoteGlobalIDString = 5C59749728CC429D00CFA4D5;
			remoteInfo = "iOS App";
		};
		5C5974EF28CDB25500CFA4D5 /* PBXContainerItemProxy */ = {
			isa = PBXContainerItemProxy;
			containerPortal = 5C5974EA28CDB25500CFA4D5 /* ios-framework.xcodeproj */;
			proxyType = 2;
			remoteGlobalIDString = 5C59746628CC312800CFA4D5;
			remoteInfo = "ios-framework";
		};
		5C5974F128CDB25500CFA4D5 /* PBXContainerItemProxy */ = {
			isa = PBXContainerItemProxy;
			containerPortal = 5C5974EA28CDB25500CFA4D5 /* ios-framework.xcodeproj */;
			proxyType = 2;
			remoteGlobalIDString = 5C59747028CC312900CFA4D5;
			remoteInfo = "ios-frameworkTests";
		};
/* End PBXContainerItemProxy section */

/* Begin PBXCopyFilesBuildPhase section */
		5C5974F628CDB2B400CFA4D5 /* Embed Frameworks */ = {
			isa = PBXCopyFilesBuildPhase;
			buildActionMask = 2147483647;
			dstPath = "";
			dstSubfolderSpec = 10;
			files = (
				5C5974F528CDB2B400CFA4D5 /* ios_framework.framework in Embed Frameworks */,
			);
			name = "Embed Frameworks";
			runOnlyForDeploymentPostprocessing = 0;
		};
/* End PBXCopyFilesBuildPhase section */

/* Begin PBXFileReference section */
		5C59749828CC429D00CFA4D5 /* iOS App.app */ = {isa = PBXFileReference; explicitFileType = wrapper.application; includeInIndex = 0; path = "iOS App.app"; sourceTree = BUILT_PRODUCTS_DIR; };
		5C59749B28CC429D00CFA4D5 /* AppDelegate.swift */ = {isa = PBXFileReference; lastKnownFileType = sourcecode.swift; path = AppDelegate.swift; sourceTree = "<group>"; };
		5C59749D28CC429D00CFA4D5 /* SceneDelegate.swift */ = {isa = PBXFileReference; lastKnownFileType = sourcecode.swift; path = SceneDelegate.swift; sourceTree = "<group>"; };
		5C59749F28CC429D00CFA4D5 /* ViewController.swift */ = {isa = PBXFileReference; lastKnownFileType = sourcecode.swift; path = ViewController.swift; sourceTree = "<group>"; };
		5C5974A228CC429D00CFA4D5 /* Base */ = {isa = PBXFileReference; lastKnownFileType = file.storyboard; name = Base; path = Base.lproj/Main.storyboard; sourceTree = "<group>"; };
		5C5974A528CC429D00CFA4D5 /* iOS_App.xcdatamodel */ = {isa = PBXFileReference; lastKnownFileType = wrapper.xcdatamodel; path = iOS_App.xcdatamodel; sourceTree = "<group>"; };
		5C5974A728CC429F00CFA4D5 /* Assets.xcassets */ = {isa = PBXFileReference; lastKnownFileType = folder.assetcatalog; path = Assets.xcassets; sourceTree = "<group>"; };
		5C5974AA28CC429F00CFA4D5 /* Base */ = {isa = PBXFileReference; lastKnownFileType = file.storyboard; name = Base; path = Base.lproj/LaunchScreen.storyboard; sourceTree = "<group>"; };
		5C5974AC28CC429F00CFA4D5 /* Info.plist */ = {isa = PBXFileReference; lastKnownFileType = text.plist.xml; path = Info.plist; sourceTree = "<group>"; };
		5C5974B128CC429F00CFA4D5 /* iOS AppTests.xctest */ = {isa = PBXFileReference; explicitFileType = wrapper.cfbundle; includeInIndex = 0; path = "iOS AppTests.xctest"; sourceTree = BUILT_PRODUCTS_DIR; };
		5C5974B528CC429F00CFA4D5 /* iOS_AppTests.swift */ = {isa = PBXFileReference; lastKnownFileType = sourcecode.swift; path = iOS_AppTests.swift; sourceTree = "<group>"; };
		5C5974BB28CC429F00CFA4D5 /* iOS AppUITests.xctest */ = {isa = PBXFileReference; explicitFileType = wrapper.cfbundle; includeInIndex = 0; path = "iOS AppUITests.xctest"; sourceTree = BUILT_PRODUCTS_DIR; };
		5C5974BF28CC429F00CFA4D5 /* iOS_AppUITests.swift */ = {isa = PBXFileReference; lastKnownFileType = sourcecode.swift; path = iOS_AppUITests.swift; sourceTree = "<group>"; };
		5C5974C128CC429F00CFA4D5 /* iOS_AppUITestsLaunchTests.swift */ = {isa = PBXFileReference; lastKnownFileType = sourcecode.swift; path = iOS_AppUITestsLaunchTests.swift; sourceTree = "<group>"; };
		5C5974EA28CDB25500CFA4D5 /* ios-framework.xcodeproj */ = {isa = PBXFileReference; lastKnownFileType = "wrapper.pb-project"; name = "ios-framework.xcodeproj"; path = "../../ios-framework/ios-framework.xcodeproj"; sourceTree = "<group>"; };
/* End PBXFileReference section */

/* Begin PBXFrameworksBuildPhase section */
		5C59749528CC429D00CFA4D5 /* Frameworks */ = {
			isa = PBXFrameworksBuildPhase;
			buildActionMask = 2147483647;
			files = (
				5C5974F428CDB2B400CFA4D5 /* ios_framework.framework in Frameworks */,
			);
			runOnlyForDeploymentPostprocessing = 0;
		};
		5C5974AE28CC429F00CFA4D5 /* Frameworks */ = {
			isa = PBXFrameworksBuildPhase;
			buildActionMask = 2147483647;
			files = (
			);
			runOnlyForDeploymentPostprocessing = 0;
		};
		5C5974B828CC429F00CFA4D5 /* Frameworks */ = {
			isa = PBXFrameworksBuildPhase;
			buildActionMask = 2147483647;
			files = (
			);
			runOnlyForDeploymentPostprocessing = 0;
		};
/* End PBXFrameworksBuildPhase section */

/* Begin PBXGroup section */
		5C59748F28CC429D00CFA4D5 = {
			isa = PBXGroup;
			children = (
				5C59749A28CC429D00CFA4D5 /* iOS App */,
				5C5974B428CC429F00CFA4D5 /* iOS AppTests */,
				5C5974BE28CC429F00CFA4D5 /* iOS AppUITests */,
				5C59749928CC429D00CFA4D5 /* Products */,
				5C5974F328CDB2B400CFA4D5 /* Frameworks */,
			);
			sourceTree = "<group>";
		};
		5C59749928CC429D00CFA4D5 /* Products */ = {
			isa = PBXGroup;
			children = (
				5C59749828CC429D00CFA4D5 /* iOS App.app */,
				5C5974B128CC429F00CFA4D5 /* iOS AppTests.xctest */,
				5C5974BB28CC429F00CFA4D5 /* iOS AppUITests.xctest */,
			);
			name = Products;
			sourceTree = "<group>";
		};
		5C59749A28CC429D00CFA4D5 /* iOS App */ = {
			isa = PBXGroup;
			children = (
				5C5974EA28CDB25500CFA4D5 /* ios-framework.xcodeproj */,
				5C59749B28CC429D00CFA4D5 /* AppDelegate.swift */,
				5C59749D28CC429D00CFA4D5 /* SceneDelegate.swift */,
				5C59749F28CC429D00CFA4D5 /* ViewController.swift */,
				5C5974A128CC429D00CFA4D5 /* Main.storyboard */,
				5C5974A728CC429F00CFA4D5 /* Assets.xcassets */,
				5C5974A928CC429F00CFA4D5 /* LaunchScreen.storyboard */,
				5C5974AC28CC429F00CFA4D5 /* Info.plist */,
				5C5974A428CC429D00CFA4D5 /* iOS_App.xcdatamodeld */,
			);
			path = "iOS App";
			sourceTree = "<group>";
		};
		5C5974B428CC429F00CFA4D5 /* iOS AppTests */ = {
			isa = PBXGroup;
			children = (
				5C5974B528CC429F00CFA4D5 /* iOS_AppTests.swift */,
			);
			path = "iOS AppTests";
			sourceTree = "<group>";
		};
		5C5974BE28CC429F00CFA4D5 /* iOS AppUITests */ = {
			isa = PBXGroup;
			children = (
				5C5974BF28CC429F00CFA4D5 /* iOS_AppUITests.swift */,
				5C5974C128CC429F00CFA4D5 /* iOS_AppUITestsLaunchTests.swift */,
			);
			path = "iOS AppUITests";
			sourceTree = "<group>";
		};
		5C5974EB28CDB25500CFA4D5 /* Products */ = {
			isa = PBXGroup;
			children = (
				5C5974F028CDB25500CFA4D5 /* ios_framework.framework */,
				5C5974F228CDB25500CFA4D5 /* ios-frameworkTests.xctest */,
			);
			name = Products;
			sourceTree = "<group>";
		};
		5C5974F328CDB2B400CFA4D5 /* Frameworks */ = {
			isa = PBXGroup;
			children = (
			);
			name = Frameworks;
			sourceTree = "<group>";
		};
/* End PBXGroup section */

/* Begin PBXNativeTarget section */
		5C59749728CC429D00CFA4D5 /* iOS App */ = {
			isa = PBXNativeTarget;
			buildConfigurationList = 5C5974C528CC429F00CFA4D5 /* Build configuration list for PBXNativeTarget "iOS App" */;
			buildPhases = (
				5C59749428CC429D00CFA4D5 /* Sources */,
				5C59749528CC429D00CFA4D5 /* Frameworks */,
				5C59749628CC429D00CFA4D5 /* Resources */,
				5C5974F628CDB2B400CFA4D5 /* Embed Frameworks */,
			);
			buildRules = (
			);
			dependencies = (
			);
			name = "iOS App";
			productName = "iOS App";
			productReference = 5C59749828CC429D00CFA4D5 /* iOS App.app */;
			productType = "com.apple.product-type.application";
		};
		5C5974B028CC429F00CFA4D5 /* iOS AppTests */ = {
			isa = PBXNativeTarget;
			buildConfigurationList = 5C5974C828CC429F00CFA4D5 /* Build configuration list for PBXNativeTarget "iOS AppTests" */;
			buildPhases = (
				5C5974AD28CC429F00CFA4D5 /* Sources */,
				5C5974AE28CC429F00CFA4D5 /* Frameworks */,
				5C5974AF28CC429F00CFA4D5 /* Resources */,
			);
			buildRules = (
			);
			dependencies = (
				5C5974B328CC429F00CFA4D5 /* PBXTargetDependency */,
			);
			name = "iOS AppTests";
			productName = "iOS AppTests";
			productReference = 5C5974B128CC429F00CFA4D5 /* iOS AppTests.xctest */;
			productType = "com.apple.product-type.bundle.unit-test";
		};
		5C5974BA28CC429F00CFA4D5 /* iOS AppUITests */ = {
			isa = PBXNativeTarget;
			buildConfigurationList = 5C5974CB28CC429F00CFA4D5 /* Build configuration list for PBXNativeTarget "iOS AppUITests" */;
			buildPhases = (
				5C5974B728CC429F00CFA4D5 /* Sources */,
				5C5974B828CC429F00CFA4D5 /* Frameworks */,
				5C5974B928CC429F00CFA4D5 /* Resources */,
			);
			buildRules = (
			);
			dependencies = (
				5C5974BD28CC429F00CFA4D5 /* PBXTargetDependency */,
			);
			name = "iOS AppUITests";
			productName = "iOS AppUITests";
			productReference = 5C5974BB28CC429F00CFA4D5 /* iOS AppUITests.xctest */;
			productType = "com.apple.product-type.bundle.ui-testing";
		};
/* End PBXNativeTarget section */

/* Begin PBXProject section */
		5C59749028CC429D00CFA4D5 /* Project object */ = {
			isa = PBXProject;
			attributes = {
				BuildIndependentTargetsInParallel = 1;
				LastSwiftUpdateCheck = 1340;
				LastUpgradeCheck = 1340;
				TargetAttributes = {
					5C59749728CC429D00CFA4D5 = {
						CreatedOnToolsVersion = 13.4.1;
					};
					5C5974B028CC429F00CFA4D5 = {
						CreatedOnToolsVersion = 13.4.1;
						TestTargetID = 5C59749728CC429D00CFA4D5;
					};
					5C5974BA28CC429F00CFA4D5 = {
						CreatedOnToolsVersion = 13.4.1;
						TestTargetID = 5C59749728CC429D00CFA4D5;
					};
				};
			};
			buildConfigurationList = 5C59749328CC429D00CFA4D5 /* Build configuration list for PBXProject "iOS App" */;
			compatibilityVersion = "Xcode 13.0";
			developmentRegion = en;
			hasScannedForEncodings = 0;
			knownRegions = (
				en,
				Base,
			);
			mainGroup = 5C59748F28CC429D00CFA4D5;
			productRefGroup = 5C59749928CC429D00CFA4D5 /* Products */;
			projectDirPath = "";
			projectReferences = (
				{
					ProductGroup = 5C5974EB28CDB25500CFA4D5 /* Products */;
					ProjectRef = 5C5974EA28CDB25500CFA4D5 /* ios-framework.xcodeproj */;
				},
			);
			projectRoot = "";
			targets = (
				5C59749728CC429D00CFA4D5 /* iOS App */,
				5C5974B028CC429F00CFA4D5 /* iOS AppTests */,
				5C5974BA28CC429F00CFA4D5 /* iOS AppUITests */,
			);
		};
/* End PBXProject section */

/* Begin PBXReferenceProxy section */
		5C5974F028CDB25500CFA4D5 /* ios_framework.framework */ = {
			isa = PBXReferenceProxy;
			fileType = wrapper.framework;
			path = ios_framework.framework;
			remoteRef = 5C5974EF28CDB25500CFA4D5 /* PBXContainerItemProxy */;
			sourceTree = BUILT_PRODUCTS_DIR;
		};
		5C5974F228CDB25500CFA4D5 /* ios-frameworkTests.xctest */ = {
			isa = PBXReferenceProxy;
			fileType = wrapper.cfbundle;
			path = "ios-frameworkTests.xctest";
			remoteRef = 5C5974F128CDB25500CFA4D5 /* PBXContainerItemProxy */;
			sourceTree = BUILT_PRODUCTS_DIR;
		};
/* End PBXReferenceProxy section */

/* Begin PBXResourcesBuildPhase section */
		5C59749628CC429D00CFA4D5 /* Resources */ = {
			isa = PBXResourcesBuildPhase;
			buildActionMask = 2147483647;
			files = (
				5C5974AB28CC429F00CFA4D5 /* LaunchScreen.storyboard in Resources */,
				5C5974A828CC429F00CFA4D5 /* Assets.xcassets in Resources */,
				5C5974A328CC429D00CFA4D5 /* Main.storyboard in Resources */,
			);
			runOnlyForDeploymentPostprocessing = 0;
		};
		5C5974AF28CC429F00CFA4D5 /* Resources */ = {
			isa = PBXResourcesBuildPhase;
			buildActionMask = 2147483647;
			files = (
			);
			runOnlyForDeploymentPostprocessing = 0;
		};
		5C5974B928CC429F00CFA4D5 /* Resources */ = {
			isa = PBXResourcesBuildPhase;
			buildActionMask = 2147483647;
			files = (
			);
			runOnlyForDeploymentPostprocessing = 0;
		};
/* End PBXResourcesBuildPhase section */

/* Begin PBXSourcesBuildPhase section */
		5C59749428CC429D00CFA4D5 /* Sources */ = {
			isa = PBXSourcesBuildPhase;
			buildActionMask = 2147483647;
			files = (
				5C5974A028CC429D00CFA4D5 /* ViewController.swift in Sources */,
				5C59749C28CC429D00CFA4D5 /* AppDelegate.swift in Sources */,
				5C59749E28CC429D00CFA4D5 /* SceneDelegate.swift in Sources */,
				5C5974A628CC429D00CFA4D5 /* iOS_App.xcdatamodeld in Sources */,
			);
			runOnlyForDeploymentPostprocessing = 0;
		};
		5C5974AD28CC429F00CFA4D5 /* Sources */ = {
			isa = PBXSourcesBuildPhase;
			buildActionMask = 2147483647;
			files = (
				5C5974B628CC429F00CFA4D5 /* iOS_AppTests.swift in Sources */,
			);
			runOnlyForDeploymentPostprocessing = 0;
		};
		5C5974B728CC429F00CFA4D5 /* Sources */ = {
			isa = PBXSourcesBuildPhase;
			buildActionMask = 2147483647;
			files = (
				5C5974C228CC429F00CFA4D5 /* iOS_AppUITestsLaunchTests.swift in Sources */,
				5C5974C028CC429F00CFA4D5 /* iOS_AppUITests.swift in Sources */,
			);
			runOnlyForDeploymentPostprocessing = 0;
		};
/* End PBXSourcesBuildPhase section */

/* Begin PBXTargetDependency section */
		5C5974B328CC429F00CFA4D5 /* PBXTargetDependency */ = {
			isa = PBXTargetDependency;
			target = 5C59749728CC429D00CFA4D5 /* iOS App */;
			targetProxy = 5C5974B228CC429F00CFA4D5 /* PBXContainerItemProxy */;
		};
		5C5974BD28CC429F00CFA4D5 /* PBXTargetDependency */ = {
			isa = PBXTargetDependency;
			target = 5C59749728CC429D00CFA4D5 /* iOS App */;
			targetProxy = 5C5974BC28CC429F00CFA4D5 /* PBXContainerItemProxy */;
		};
/* End PBXTargetDependency section */

/* Begin PBXVariantGroup section */
		5C5974A128CC429D00CFA4D5 /* Main.storyboard */ = {
			isa = PBXVariantGroup;
			children = (
				5C5974A228CC429D00CFA4D5 /* Base */,
			);
			name = Main.storyboard;
			sourceTree = "<group>";
		};
		5C5974A928CC429F00CFA4D5 /* LaunchScreen.storyboard */ = {
			isa = PBXVariantGroup;
			children = (
				5C5974AA28CC429F00CFA4D5 /* Base */,
			);
			name = LaunchScreen.storyboard;
			sourceTree = "<group>";
		};
/* End PBXVariantGroup section */

/* Begin XCBuildConfiguration section */
		5C5974C328CC429F00CFA4D5 /* Debug */ = {
			isa = XCBuildConfiguration;
			buildSettings = {
				ALWAYS_SEARCH_USER_PATHS = NO;
				CLANG_ANALYZER_NONNULL = YES;
				CLANG_ANALYZER_NUMBER_OBJECT_CONVERSION = YES_AGGRESSIVE;
				CLANG_CXX_LANGUAGE_STANDARD = "gnu++17";
				CLANG_ENABLE_MODULES = YES;
				CLANG_ENABLE_OBJC_ARC = YES;
				CLANG_ENABLE_OBJC_WEAK = YES;
				CLANG_WARN_BLOCK_CAPTURE_AUTORELEASING = YES;
				CLANG_WARN_BOOL_CONVERSION = YES;
				CLANG_WARN_COMMA = YES;
				CLANG_WARN_CONSTANT_CONVERSION = YES;
				CLANG_WARN_DEPRECATED_OBJC_IMPLEMENTATIONS = YES;
				CLANG_WARN_DIRECT_OBJC_ISA_USAGE = YES_ERROR;
				CLANG_WARN_DOCUMENTATION_COMMENTS = YES;
				CLANG_WARN_EMPTY_BODY = YES;
				CLANG_WARN_ENUM_CONVERSION = YES;
				CLANG_WARN_INFINITE_RECURSION = YES;
				CLANG_WARN_INT_CONVERSION = YES;
				CLANG_WARN_NON_LITERAL_NULL_CONVERSION = YES;
				CLANG_WARN_OBJC_IMPLICIT_RETAIN_SELF = YES;
				CLANG_WARN_OBJC_LITERAL_CONVERSION = YES;
				CLANG_WARN_OBJC_ROOT_CLASS = YES_ERROR;
				CLANG_WARN_QUOTED_INCLUDE_IN_FRAMEWORK_HEADER = YES;
				CLANG_WARN_RANGE_LOOP_ANALYSIS = YES;
				CLANG_WARN_STRICT_PROTOTYPES = YES;
				CLANG_WARN_SUSPICIOUS_MOVE = YES;
				CLANG_WARN_UNGUARDED_AVAILABILITY = YES_AGGRESSIVE;
				CLANG_WARN_UNREACHABLE_CODE = YES;
				CLANG_WARN__DUPLICATE_METHOD_MATCH = YES;
				COPY_PHASE_STRIP = NO;
				DEBUG_INFORMATION_FORMAT = dwarf;
				ENABLE_STRICT_OBJC_MSGSEND = YES;
				ENABLE_TESTABILITY = YES;
				GCC_C_LANGUAGE_STANDARD = gnu11;
				GCC_DYNAMIC_NO_PIC = NO;
				GCC_NO_COMMON_BLOCKS = YES;
				GCC_OPTIMIZATION_LEVEL = 0;
				GCC_PREPROCESSOR_DEFINITIONS = (
					"DEBUG=1",
					"$(inherited)",
				);
				GCC_WARN_64_TO_32_BIT_CONVERSION = YES;
				GCC_WARN_ABOUT_RETURN_TYPE = YES_ERROR;
				GCC_WARN_UNDECLARED_SELECTOR = YES;
				GCC_WARN_UNINITIALIZED_AUTOS = YES_AGGRESSIVE;
				GCC_WARN_UNUSED_FUNCTION = YES;
				GCC_WARN_UNUSED_VARIABLE = YES;
				IPHONEOS_DEPLOYMENT_TARGET = 15.5;
				MTL_ENABLE_DEBUG_INFO = INCLUDE_SOURCE;
				MTL_FAST_MATH = YES;
				ONLY_ACTIVE_ARCH = YES;
				SDKROOT = iphoneos;
				SWIFT_ACTIVE_COMPILATION_CONDITIONS = DEBUG;
				SWIFT_OPTIMIZATION_LEVEL = "-Onone";
			};
			name = Debug;
		};
		5C5974C428CC429F00CFA4D5 /* Release */ = {
			isa = XCBuildConfiguration;
			buildSettings = {
				ALWAYS_SEARCH_USER_PATHS = NO;
				CLANG_ANALYZER_NONNULL = YES;
				CLANG_ANALYZER_NUMBER_OBJECT_CONVERSION = YES_AGGRESSIVE;
				CLANG_CXX_LANGUAGE_STANDARD = "gnu++17";
				CLANG_ENABLE_MODULES = YES;
				CLANG_ENABLE_OBJC_ARC = YES;
				CLANG_ENABLE_OBJC_WEAK = YES;
				CLANG_WARN_BLOCK_CAPTURE_AUTORELEASING = YES;
				CLANG_WARN_BOOL_CONVERSION = YES;
				CLANG_WARN_COMMA = YES;
				CLANG_WARN_CONSTANT_CONVERSION = YES;
				CLANG_WARN_DEPRECATED_OBJC_IMPLEMENTATIONS = YES;
				CLANG_WARN_DIRECT_OBJC_ISA_USAGE = YES_ERROR;
				CLANG_WARN_DOCUMENTATION_COMMENTS = YES;
				CLANG_WARN_EMPTY_BODY = YES;
				CLANG_WARN_ENUM_CONVERSION = YES;
				CLANG_WARN_INFINITE_RECURSION = YES;
				CLANG_WARN_INT_CONVERSION = YES;
				CLANG_WARN_NON_LITERAL_NULL_CONVERSION = YES;
				CLANG_WARN_OBJC_IMPLICIT_RETAIN_SELF = YES;
				CLANG_WARN_OBJC_LITERAL_CONVERSION = YES;
				CLANG_WARN_OBJC_ROOT_CLASS = YES_ERROR;
				CLANG_WARN_QUOTED_INCLUDE_IN_FRAMEWORK_HEADER = YES;
				CLANG_WARN_RANGE_LOOP_ANALYSIS = YES;
				CLANG_WARN_STRICT_PROTOTYPES = YES;
				CLANG_WARN_SUSPICIOUS_MOVE = YES;
				CLANG_WARN_UNGUARDED_AVAILABILITY = YES_AGGRESSIVE;
				CLANG_WARN_UNREACHABLE_CODE = YES;
				CLANG_WARN__DUPLICATE_METHOD_MATCH = YES;
				COPY_PHASE_STRIP = NO;
				DEBUG_INFORMATION_FORMAT = "dwarf-with-dsym";
				ENABLE_NS_ASSERTIONS = NO;
				ENABLE_STRICT_OBJC_MSGSEND = YES;
				GCC_C_LANGUAGE_STANDARD = gnu11;
				GCC_NO_COMMON_BLOCKS = YES;
				GCC_WARN_64_TO_32_BIT_CONVERSION = YES;
				GCC_WARN_ABOUT_RETURN_TYPE = YES_ERROR;
				GCC_WARN_UNDECLARED_SELECTOR = YES;
				GCC_WARN_UNINITIALIZED_AUTOS = YES_AGGRESSIVE;
				GCC_WARN_UNUSED_FUNCTION = YES;
				GCC_WARN_UNUSED_VARIABLE = YES;
				IPHONEOS_DEPLOYMENT_TARGET = 15.5;
				MTL_ENABLE_DEBUG_INFO = NO;
				MTL_FAST_MATH = YES;
				SDKROOT = iphoneos;
				SWIFT_COMPILATION_MODE = wholemodule;
				SWIFT_OPTIMIZATION_LEVEL = "-O";
				VALIDATE_PRODUCT = YES;
			};
			name = Release;
		};
		5C5974C628CC429F00CFA4D5 /* Debug */ = {
			isa = XCBuildConfiguration;
			buildSettings = {
				ASSETCATALOG_COMPILER_APPICON_NAME = AppIcon;
				ASSETCATALOG_COMPILER_GLOBAL_ACCENT_COLOR_NAME = AccentColor;
				CODE_SIGN_STYLE = Automatic;
				CURRENT_PROJECT_VERSION = 1;
				GENERATE_INFOPLIST_FILE = YES;
				INFOPLIST_FILE = "iOS App/Info.plist";
				INFOPLIST_KEY_UIApplicationSupportsIndirectInputEvents = YES;
				INFOPLIST_KEY_UILaunchStoryboardName = LaunchScreen;
				INFOPLIST_KEY_UIMainStoryboardFile = Main;
				INFOPLIST_KEY_UISupportedInterfaceOrientations_iPad = "UIInterfaceOrientationPortrait UIInterfaceOrientationPortraitUpsideDown UIInterfaceOrientationLandscapeLeft UIInterfaceOrientationLandscapeRight";
				INFOPLIST_KEY_UISupportedInterfaceOrientations_iPhone = "UIInterfaceOrientationPortrait UIInterfaceOrientationLandscapeLeft UIInterfaceOrientationLandscapeRight";
				LD_RUNPATH_SEARCH_PATHS = (
					"$(inherited)",
					"@executable_path/Frameworks",
				);
				MARKETING_VERSION = 1.0;
				PRODUCT_BUNDLE_IDENTIFIER = "com.nguyentrancong.iOS-App";
				PRODUCT_NAME = "$(TARGET_NAME)";
				SWIFT_EMIT_LOC_STRINGS = YES;
				SWIFT_VERSION = 5.0;
				TARGETED_DEVICE_FAMILY = "1,2";
			};
			name = Debug;
		};
		5C5974C728CC429F00CFA4D5 /* Release */ = {
			isa = XCBuildConfiguration;
			buildSettings = {
				ASSETCATALOG_COMPILER_APPICON_NAME = AppIcon;
				ASSETCATALOG_COMPILER_GLOBAL_ACCENT_COLOR_NAME = AccentColor;
				CODE_SIGN_STYLE = Automatic;
				CURRENT_PROJECT_VERSION = 1;
				GENERATE_INFOPLIST_FILE = YES;
				INFOPLIST_FILE = "iOS App/Info.plist";
				INFOPLIST_KEY_UIApplicationSupportsIndirectInputEvents = YES;
				INFOPLIST_KEY_UILaunchStoryboardName = LaunchScreen;
				INFOPLIST_KEY_UIMainStoryboardFile = Main;
				INFOPLIST_KEY_UISupportedInterfaceOrientations_iPad = "UIInterfaceOrientationPortrait UIInterfaceOrientationPortraitUpsideDown UIInterfaceOrientationLandscapeLeft UIInterfaceOrientationLandscapeRight";
				INFOPLIST_KEY_UISupportedInterfaceOrientations_iPhone = "UIInterfaceOrientationPortrait UIInterfaceOrientationLandscapeLeft UIInterfaceOrientationLandscapeRight";
				LD_RUNPATH_SEARCH_PATHS = (
					"$(inherited)",
					"@executable_path/Frameworks",
				);
				MARKETING_VERSION = 1.0;
				PRODUCT_BUNDLE_IDENTIFIER = "com.nguyentrancong.iOS-App";
				PRODUCT_NAME = "$(TARGET_NAME)";
				SWIFT_EMIT_LOC_STRINGS = YES;
				SWIFT_VERSION = 5.0;
				TARGETED_DEVICE_FAMILY = "1,2";
			};
			name = Release;
		};
		5C5974C928CC429F00CFA4D5 /* Debug */ = {
			isa = XCBuildConfiguration;
			buildSettings = {
				ALWAYS_EMBED_SWIFT_STANDARD_LIBRARIES = YES;
				BUNDLE_LOADER = "$(TEST_HOST)";
				CODE_SIGN_STYLE = Automatic;
				CURRENT_PROJECT_VERSION = 1;
				GENERATE_INFOPLIST_FILE = YES;
				IPHONEOS_DEPLOYMENT_TARGET = 15.5;
				MARKETING_VERSION = 1.0;
				PRODUCT_BUNDLE_IDENTIFIER = "com.nguyentrancong.iOS-AppTests";
				PRODUCT_NAME = "$(TARGET_NAME)";
				SWIFT_EMIT_LOC_STRINGS = NO;
				SWIFT_VERSION = 5.0;
				TARGETED_DEVICE_FAMILY = "1,2";
				TEST_HOST = "$(BUILT_PRODUCTS_DIR)/iOS App.app/iOS App";
			};
			name = Debug;
		};
		5C5974CA28CC429F00CFA4D5 /* Release */ = {
			isa = XCBuildConfiguration;
			buildSettings = {
				ALWAYS_EMBED_SWIFT_STANDARD_LIBRARIES = YES;
				BUNDLE_LOADER = "$(TEST_HOST)";
				CODE_SIGN_STYLE = Automatic;
				CURRENT_PROJECT_VERSION = 1;
				GENERATE_INFOPLIST_FILE = YES;
				IPHONEOS_DEPLOYMENT_TARGET = 15.5;
				MARKETING_VERSION = 1.0;
				PRODUCT_BUNDLE_IDENTIFIER = "com.nguyentrancong.iOS-AppTests";
				PRODUCT_NAME = "$(TARGET_NAME)";
				SWIFT_EMIT_LOC_STRINGS = NO;
				SWIFT_VERSION = 5.0;
				TARGETED_DEVICE_FAMILY = "1,2";
				TEST_HOST = "$(BUILT_PRODUCTS_DIR)/iOS App.app/iOS App";
			};
			name = Release;
		};
		5C5974CC28CC429F00CFA4D5 /* Debug */ = {
			isa = XCBuildConfiguration;
			buildSettings = {
				ALWAYS_EMBED_SWIFT_STANDARD_LIBRARIES = YES;
				CODE_SIGN_STYLE = Automatic;
				CURRENT_PROJECT_VERSION = 1;
				GENERATE_INFOPLIST_FILE = YES;
				MARKETING_VERSION = 1.0;
				PRODUCT_BUNDLE_IDENTIFIER = "com.nguyentrancong.iOS-AppUITests";
				PRODUCT_NAME = "$(TARGET_NAME)";
				SWIFT_EMIT_LOC_STRINGS = NO;
				SWIFT_VERSION = 5.0;
				TARGETED_DEVICE_FAMILY = "1,2";
				TEST_TARGET_NAME = "iOS App";
			};
			name = Debug;
		};
		5C5974CD28CC429F00CFA4D5 /* Release */ = {
			isa = XCBuildConfiguration;
			buildSettings = {
				ALWAYS_EMBED_SWIFT_STANDARD_LIBRARIES = YES;
				CODE_SIGN_STYLE = Automatic;
				CURRENT_PROJECT_VERSION = 1;
				GENERATE_INFOPLIST_FILE = YES;
				MARKETING_VERSION = 1.0;
				PRODUCT_BUNDLE_IDENTIFIER = "com.nguyentrancong.iOS-AppUITests";
				PRODUCT_NAME = "$(TARGET_NAME)";
				SWIFT_EMIT_LOC_STRINGS = NO;
				SWIFT_VERSION = 5.0;
				TARGETED_DEVICE_FAMILY = "1,2";
				TEST_TARGET_NAME = "iOS App";
			};
			name = Release;
		};
/* End XCBuildConfiguration section */

/* Begin XCConfigurationList section */
		5C59749328CC429D00CFA4D5 /* Build configuration list for PBXProject "iOS App" */ = {
			isa = XCConfigurationList;
			buildConfigurations = (
				5C5974C328CC429F00CFA4D5 /* Debug */,
				5C5974C428CC429F00CFA4D5 /* Release */,
			);
			defaultConfigurationIsVisible = 0;
			defaultConfigurationName = Release;
		};
		5C5974C528CC429F00CFA4D5 /* Build configuration list for PBXNativeTarget "iOS App" */ = {
			isa = XCConfigurationList;
			buildConfigurations = (
				5C5974C628CC429F00CFA4D5 /* Debug */,
				5C5974C728CC429F00CFA4D5 /* Release */,
			);
			defaultConfigurationIsVisible = 0;
			defaultConfigurationName = Release;
		};
		5C5974C828CC429F00CFA4D5 /* Build configuration list for PBXNativeTarget "iOS AppTests" */ = {
			isa = XCConfigurationList;
			buildConfigurations = (
				5C5974C928CC429F00CFA4D5 /* Debug */,
				5C5974CA28CC429F00CFA4D5 /* Release */,
			);
			defaultConfigurationIsVisible = 0;
			defaultConfigurationName = Release;
		};
		5C5974CB28CC429F00CFA4D5 /* Build configuration list for PBXNativeTarget "iOS AppUITests" */ = {
			isa = XCConfigurationList;
			buildConfigurations = (
				5C5974CC28CC429F00CFA4D5 /* Debug */,
				5C5974CD28CC429F00CFA4D5 /* Release */,
			);
			defaultConfigurationIsVisible = 0;
			defaultConfigurationName = Release;
		};
/* End XCConfigurationList section */

/* Begin XCVersionGroup section */
		5C5974A428CC429D00CFA4D5 /* iOS_App.xcdatamodeld */ = {
			isa = XCVersionGroup;
			children = (
				5C5974A528CC429D00CFA4D5 /* iOS_App.xcdatamodel */,
			);
			currentVersion = 5C5974A528CC429D00CFA4D5 /* iOS_App.xcdatamodel */;
			path = iOS_App.xcdatamodeld;
			sourceTree = "<group>";
			versionGroupType = wrapper.xcdatamodel;
		};
/* End XCVersionGroup section */
	};
	rootObject = 5C59749028CC429D00CFA4D5 /* Project object */;
}
